<?xml version="1.0" encoding="utf-8"?>
<Project ToolsVersion="4.0" xmlns="http://schemas.microsoft.com/developer/msbuild/2003">
  <ItemGroup>
    <Filter Include="Source Files">
      <UniqueIdentifier>{4FC737F1-C7A5-4376-A066-2A32D752A2FF}</UniqueIdentifier>
      <Extensions>cpp;c;cc;cxx;def;odl;idl;hpj;bat;asm;asmx</Extensions>
    </Filter>
    <Filter Include="Header Files">
      <UniqueIdentifier>{93995380-89BD-4b04-88EB-625FBE52EBFB}</UniqueIdentifier>
      <Extensions>h;hh;hpp;hxx;hm;inl;inc;xsd</Extensions>
    </Filter>
    <Filter Include="Resource Files">
      <UniqueIdentifier>{67DA6AB6-F800-4c08-8B7A-83BB121AAD01}</UniqueIdentifier>
      <Extensions>rc;ico;cur;bmp;dlg;rc2;rct;bin;rgs;gif;jpg;jpeg;jpe;resx;tiff;tif;png;wav</Extensions>
    </Filter>
  </ItemGroup>
  <ItemGroup>
    <ClCompile Include="main.cpp">
      <Filter>Source Files</Filter>
    </ClCompile>
    <ClCompile Include="geom\Angle.cpp">
      <Filter>Source Files</Filter>
    </ClCompile>
    <ClCompile Include="geom\Circle.cpp">
      <Filter>Source Files</Filter>
    </ClCompile>
    <ClCompile Include="geom\CompoundObject.cpp">
      <Filter>Source Files</Filter>
    </ClCompile>
    <ClCompile Include="geom\CVector2D.cpp">
      <Filter>Source Files</Filter>
    </ClCompile>
    <ClCompile Include="geom\Ellipse.cpp">
      <Filter>Source Files</Filter>
    </ClCompile>
    <ClCompile Include="geom\GeometricRelation.cpp">
      <Filter>Source Files</Filter>
    </ClCompile>
    <ClCompile Include="geom\Line.cpp">
      <Filter>Source Files</Filter>
    </ClCompile>
    <ClCompile Include="geom\Parser.cpp">
      <Filter>Source Files</Filter>
    </ClCompile>
    <ClCompile Include="geom\Ring.cpp">
      <Filter>Source Files</Filter>
    </ClCompile>
    <ClCompile Include="geom\Segment.cpp">
      <Filter>Source Files</Filter>
    </ClCompile>
    <ClCompile Include="geom\SemiCircle.cpp">
      <Filter>Source Files</Filter>
    </ClCompile>
    <ClCompile Include="geom\TestPhantom.cpp">
      <Filter>Source Files</Filter>
    </ClCompile>
    <ClCompile Include="geom\io\svg\SvgDocument.cpp">
      <Filter>Source Files</Filter>
    </ClCompile>
    <ClCompile Include="report\ReportHelper.cpp">
      <Filter>Source Files</Filter>
    </ClCompile>
    <ClCompile Include="report\chart\SvgChart.cpp">
      <Filter>Source Files</Filter>
    </ClCompile>
    <ClCompile Include="rude\AbstractData.cpp">
      <Filter>Source Files</Filter>
    </ClCompile>
    <ClCompile Include="rude\AbstractOrganiser.cpp">
      <Filter>Source Files</Filter>
    </ClCompile>
    <ClCompile Include="rude\AbstractParser.cpp">
      <Filter>Source Files</Filter>
    </ClCompile>
    <ClCompile Include="rude\AbstractWriter.cpp">
      <Filter>Source Files</Filter>
    </ClCompile>
    <ClCompile Include="rude\Base64Encoder.cpp">
      <Filter>Source Files</Filter>
    </ClCompile>
    <ClCompile Include="rude\Comment.cpp">
      <Filter>Source Files</Filter>
    </ClCompile>
    <ClCompile Include="rude\config.cpp">
      <Filter>Source Files</Filter>
    </ClCompile>
    <ClCompile Include="rude\ConfigImpl.cpp">
      <Filter>Source Files</Filter>
    </ClCompile>
    <ClCompile Include="rude\DataLine.cpp">
      <Filter>Source Files</Filter>
    </ClCompile>
    <ClCompile Include="rude\File.cpp">
      <Filter>Source Files</Filter>
    </ClCompile>
    <ClCompile Include="rude\KeyValue.cpp">
      <Filter>Source Files</Filter>
    </ClCompile>
    <ClCompile Include="rude\ParserJuly2004.cpp">
      <Filter>Source Files</Filter>
    </ClCompile>
    <ClCompile Include="rude\RealOrganiser.cpp">
      <Filter>Source Files</Filter>
    </ClCompile>
    <ClCompile Include="rude\Section.cpp">
      <Filter>Source Files</Filter>
    </ClCompile>
    <ClCompile Include="rude\WhiteSpace.cpp">
      <Filter>Source Files</Filter>
    </ClCompile>
    <ClCompile Include="rude\Writer.cpp">
      <Filter>Source Files</Filter>
    </ClCompile>
    <ClCompile Include="simulation\Simulation.cpp">
      <Filter>Source Files</Filter>
    </ClCompile>
    <ClCompile Include="sources\FanSource.cpp">
      <Filter>Source Files</Filter>
    </ClCompile>
    <ClCompile Include="sources\SourceBase.cpp">
      <Filter>Source Files</Filter>
    </ClCompile>
    <ClCompile Include="util\NumericComparator.cpp">
      <Filter>Source Files</Filter>
    </ClCompile>
    <ClCompile Include="util\StringUtils.cpp">
      <Filter>Source Files</Filter>
    </ClCompile>
    <ClCompile Include="util\SvgFile.cpp">
      <Filter>Source Files</Filter>
    </ClCompile>
  </ItemGroup>
  <ItemGroup>
    <None Include=".dep.inc">
      <Filter>Header Files</Filter>
    </None>
    <None Include="report\attenuation_report_template.html" />
  </ItemGroup>
  <ItemGroup>
    <ClInclude Include="geom\Angle.h">
      <Filter>Header Files</Filter>
    </ClInclude>
    <ClInclude Include="geom\Circle.h">
      <Filter>Header Files</Filter>
    </ClInclude>
    <ClInclude Include="geom\CompoundObject.h">
      <Filter>Header Files</Filter>
    </ClInclude>
    <ClInclude Include="geom\CVector2D.h">
      <Filter>Header Files</Filter>
    </ClInclude>
    <ClInclude Include="geom\Ellipse.h">
      <Filter>Header Files</Filter>
    </ClInclude>
    <ClInclude Include="geom\Geom2D.h">
      <Filter>Header Files</Filter>
    </ClInclude>
    <ClInclude Include="geom\GeometricRelation.h">
      <Filter>Header Files</Filter>
    </ClInclude>
    <ClInclude Include="geom\IViewable.h">
      <Filter>Header Files</Filter>
    </ClInclude>
    <ClInclude Include="geom\Line.h">
      <Filter>Header Files</Filter>
    </ClInclude>
    <ClInclude Include="geom\Parser.h">
      <Filter>Header Files</Filter>
    </ClInclude>
    <ClInclude Include="geom\Ring.h">
      <Filter>Header Files</Filter>
    </ClInclude>
    <ClInclude Include="geom\Segment.h">
      <Filter>Header Files</Filter>
    </ClInclude>
    <ClInclude Include="geom\SemiCircle.h">
      <Filter>Header Files</Filter>
    </ClInclude>
    <ClInclude Include="geom\TestPhantom.h">
      <Filter>Header Files</Filter>
    </ClInclude>
    <ClInclude Include="geom\io\svg\AbstractAttributeValue.h">
      <Filter>Header Files</Filter>
    </ClInclude>
    <ClInclude Include="geom\io\svg\Attribute.h">
      <Filter>Header Files</Filter>
    </ClInclude>
    <ClInclude Include="geom\io\svg\Color.h">
      <Filter>Header Files</Filter>
    </ClInclude>
    <ClInclude Include="geom\io\svg\Document.h">
      <Filter>Header Files</Filter>
    </ClInclude>
    <ClInclude Include="geom\io\svg\Fill.h">
      <Filter>Header Files</Filter>
    </ClInclude>
    <ClInclude Include="geom\io\svg\Group.h">
      <Filter>Header Files</Filter>
    </ClInclude>
    <ClInclude Include="geom\io\svg\Renderer.h">
      <Filter>Header Files</Filter>
    </ClInclude>
    <ClInclude Include="geom\io\svg\Serializable.h">
      <Filter>Header Files</Filter>
    </ClInclude>
    <ClInclude Include="geom\io\svg\Stroke.h">
      <Filter>Header Files</Filter>
    </ClInclude>
    <ClInclude Include="geom\io\svg\Style.h">
      <Filter>Header Files</Filter>
    </ClInclude>
    <ClInclude Include="geom\io\svg\SvgDocument.h">
      <Filter>Header Files</Filter>
    </ClInclude>
    <ClInclude Include="geom\io\svg\SvgElement.h">
      <Filter>Header Files</Filter>
    </ClInclude>
    <ClInclude Include="geom\io\svg\SvgLine.h">
      <Filter>Header Files</Filter>
    </ClInclude>
    <ClInclude Include="geom\io\svg\SvgPoint.h">
      <Filter>Header Files</Filter>
    </ClInclude>
    <ClInclude Include="geom\io\svg\SvgPolyline.h">
      <Filter>Header Files</Filter>
    </ClInclude>
    <ClInclude Include="geom\io\svg\SvgText.h">
      <Filter>Header Files</Filter>
    </ClInclude>
    <ClInclude Include="geom\io\svg\Transformation.h">
      <Filter>Header Files</Filter>
    </ClInclude>
    <ClInclude Include="geom\io\svg\simple_svg.hpp">
      <Filter>Header Files</Filter>
    </ClInclude>
    <ClInclude Include="report\ReportHelper.h">
      <Filter>Header Files</Filter>
    </ClInclude>
    <ClInclude Include="report\chart\SvgChart.h">
      <Filter>Header Files</Filter>
    </ClInclude>
    <ClInclude Include="rude\AbstractData.h">
      <Filter>Header Files</Filter>
    </ClInclude>
    <ClInclude Include="rude\AbstractOrganiser.h">
      <Filter>Header Files</Filter>
    </ClInclude>
    <ClInclude Include="rude\AbstractParser.h">
      <Filter>Header Files</Filter>
    </ClInclude>
    <ClInclude Include="rude\AbstractWriter.h">
      <Filter>Header Files</Filter>
    </ClInclude>
    <ClInclude Include="rude\Base64Encoder.h">
      <Filter>Header Files</Filter>
    </ClInclude>
    <ClInclude Include="rude\Comment.h">
      <Filter>Header Files</Filter>
    </ClInclude>
    <ClInclude Include="rude\config.h">
      <Filter>Header Files</Filter>
    </ClInclude>
    <ClInclude Include="rude\ConfigImpl.h">
      <Filter>Header Files</Filter>
    </ClInclude>
    <ClInclude Include="rude\DataLine.h">
      <Filter>Header Files</Filter>
    </ClInclude>
    <ClInclude Include="rude\File.h">
      <Filter>Header Files</Filter>
    </ClInclude>
    <ClInclude Include="rude\KeyValue.h">
      <Filter>Header Files</Filter>
    </ClInclude>
    <ClInclude Include="rude\ParserJuly2004.h">
      <Filter>Header Files</Filter>
    </ClInclude>
    <ClInclude Include="rude\RealOrganiser.h">
      <Filter>Header Files</Filter>
    </ClInclude>
    <ClInclude Include="rude\Section.h">
      <Filter>Header Files</Filter>
    </ClInclude>
    <ClInclude Include="rude\WhiteSpace.h">
      <Filter>Header Files</Filter>
    </ClInclude>
    <ClInclude Include="rude\Writer.h">
      <Filter>Header Files</Filter>
    </ClInclude>
    <ClInclude Include="simulation\Simulation.h">
      <Filter>Header Files</Filter>
    </ClInclude>
    <ClInclude Include="sources\FanSource.h">
      <Filter>Header Files</Filter>
    </ClInclude>
    <ClInclude Include="sources\SourceBase.h">
      <Filter>Header Files</Filter>
    </ClInclude>
    <ClInclude Include="util\NumericComparator.h">
      <Filter>Header Files</Filter>
    </ClInclude>
    <ClInclude Include="util\StringUtils.h">
      <Filter>Header Files</Filter>
    </ClInclude>
    <ClInclude Include="util\SvgFile.h">
      <Filter>Header Files</Filter>
    </ClInclude>
    <ClInclude Include="util\VectorHelper.h">
      <Filter>Header Files</Filter>
    </ClInclude>
  </ItemGroup>
</Project>